
Microsoft Visual Studio Solution File, Format Version 12.00
# Visual Studio Version 17
VisualStudioVersion = 17.1.31911.260
MinimumVisualStudioVersion = 10.0.40219.1
Project("{2150E333-8FDC-42A3-9474-1A3956D46DE8}") = "src", "src", "{9B6A43E8-FED0-4C47-889A-EE5BF1BC08F1}"
EndProject
Project("{9A19103F-16F7-4668-BE54-9A1E7A4F7556}") = "ContainerPlayground.Api", "src\ContainerPlayground.Api\ContainerPlayground.Api.csproj", "{34D4F0C5-A8DE-450E-8E52-484D398E6A0F}"
EndProject
Project("{2150E333-8FDC-42A3-9474-1A3956D46DE8}") = "tests", "tests", "{9168F441-B936-48D4-BC08-11D3CD70F43D}"
EndProject
Project("{9A19103F-16F7-4668-BE54-9A1E7A4F7556}") = "ContainerPlayground.Api.Tests.Unit", "tests\ContainerPlayground.Api.Tests.Unit\ContainerPlayground.Api.Tests.Unit.csproj", "{EDBCB053-5AF8-4B34-935E-0550CB976AC3}"
EndProject
Project("{2150E333-8FDC-42A3-9474-1A3956D46DE8}") = "Solution Items", "Solution Items", "{7190E85E-EA21-4EA3-A6FF-FC4C90E4899C}"
	ProjectSection(SolutionItems) = preProject
		.gitignore = .gitignore
		azure-pipelines-pr.yml = azure-pipelines-pr.yml
		azure-pipelines.yml = azure-pipelines.yml
	EndProjectSection
EndProject
Global
	GlobalSection(SolutionConfigurationPlatforms) = preSolution
		Debug|Any CPU = Debug|Any CPU
		Release|Any CPU = Release|Any CPU
	EndGlobalSection
	GlobalSection(ProjectConfigurationPlatforms) = postSolution
		{34D4F0C5-A8DE-450E-8E52-484D398E6A0F}.Debug|Any CPU.ActiveCfg = Debug|Any CPU
		{34D4F0C5-A8DE-450E-8E52-484D398E6A0F}.Debug|Any CPU.Build.0 = Debug|Any CPU
		{34D4F0C5-A8DE-450E-8E52-484D398E6A0F}.Release|Any CPU.ActiveCfg = Release|Any CPU
		{34D4F0C5-A8DE-450E-8E52-484D398E6A0F}.Release|Any CPU.Build.0 = Release|Any CPU
		{EDBCB053-5AF8-4B34-935E-0550CB976AC3}.Debug|Any CPU.ActiveCfg = Debug|Any CPU
		{EDBCB053-5AF8-4B34-935E-0550CB976AC3}.Debug|Any CPU.Build.0 = Debug|Any CPU
		{EDBCB053-5AF8-4B34-935E-0550CB976AC3}.Release|Any CPU.ActiveCfg = Release|Any CPU
		{EDBCB053-5AF8-4B34-935E-0550CB976AC3}.Release|Any CPU.Build.0 = Release|Any CPU
	EndGlobalSection
	GlobalSection(SolutionProperties) = preSolution
		HideSolutionNode = FALSE
	EndGlobalSection
	GlobalSection(NestedProjects) = preSolution
		{34D4F0C5-A8DE-450E-8E52-484D398E6A0F} = {9B6A43E8-FED0-4C47-889A-EE5BF1BC08F1}
		{EDBCB053-5AF8-4B34-935E-0550CB976AC3} = {9168F441-B936-48D4-BC08-11D3CD70F43D}
	EndGlobalSection
	GlobalSection(ExtensibilityGlobals) = postSolution
		SolutionGuid = {BC6779D6-28DE-4101-A02A-C07C8443A11A}
	EndGlobalSection
EndGlobal
